
Microsoft Visual Studio Solution File, Format Version 12.00
# Visual Studio Version 17
VisualStudioVersion = 17.14.36915.13 d17.14
MinimumVisualStudioVersion = 10.0.40219.1
Project("{FAE04EC0-301F-11D3-BF4B-00C04F79EFBC}") = "EstoqueSimples", "EstoqueSimples.csproj", "{A829C937-E5ED-4FAD-9759-B49C52BF2BCA}"
EndProject
Global
	GlobalSection(SolutionConfigurationPlatforms) = preSolution
		Debug|Any CPU = Debug|Any CPU
		Release|Any CPU = Release|Any CPU
	EndGlobalSection
	GlobalSection(ProjectConfigurationPlatforms) = postSolution
		{A829C937-E5ED-4FAD-9759-B49C52BF2BCA}.Debug|Any CPU.ActiveCfg = Debug|Any CPU
		{A829C937-E5ED-4FAD-9759-B49C52BF2BCA}.Debug|Any CPU.Build.0 = Debug|Any CPU
		{A829C937-E5ED-4FAD-9759-B49C52BF2BCA}.Release|Any CPU.ActiveCfg = Release|Any CPU
		{A829C937-E5ED-4FAD-9759-B49C52BF2BCA}.Release|Any CPU.Build.0 = Release|Any CPU
	EndGlobalSection
	GlobalSection(SolutionProperties) = preSolution
		HideSolutionNode = FALSE
	EndGlobalSection
	GlobalSection(ExtensibilityGlobals) = postSolution
		SolutionGuid = {275543B4-9C4C-4EF8-A27C-77F3733FE8DA}
	EndGlobalSection
EndGlobal
